---
name: Update package-lock.json

"on":
  pull_request:
    paths:
      - package.json

jobs:
  update-lock:
    runs-on: ubuntu-latest
    permissions:
      contents: write
      pull-requests: write

    steps:
      - uses: actions/checkout@v6
        with:
          token: ${{ secrets.GITHUB_TOKEN }}
          ref: ${{ github.head_ref }}

      - name: Extract Node.js version from Dockerfile
        id: node-version
        run: |
          NODE_VERSION=$(grep '^FROM node:' Dockerfile | sed 's/.*node:\([0-9.]*\).*/\1/')
          echo "version=${NODE_VERSION}" >> $GITHUB_OUTPUT
          echo "Using Node.js version: ${NODE_VERSION}"

      - uses: actions/setup-node@v4
        with:
          node-version: ${{ steps.node-version.outputs.version }}

      - run: npm install

      - name: Commit changes
        run: |
          git config --local user.email "github-actions[bot]@users.noreply.github.com"
          git config --local user.name "github-actions[bot]"
          git add package-lock.json
          git diff --staged --quiet || git commit -m "chore: update package-lock.json"
          git push
